// !$*UTF8*$!
{
	archiveVersion = 1;
	classes = {
	};
	objectVersion = 46;
	objects = {

/* Begin PBXBuildFile section */
		000B82661B014756002ED8DF /* Trail.swift in Sources */ = {isa = PBXBuildFile; fileRef = 000B82651B014756002ED8DF /* Trail.swift */; };
		000B82681B0148B2002ED8DF /* Constants.swift in Sources */ = {isa = PBXBuildFile; fileRef = 000B82671B0148B2002ED8DF /* Constants.swift */; };
		000B826A1B016ED1002ED8DF /* MapKit.framework in Frameworks */ = {isa = PBXBuildFile; fileRef = 000B82691B016ED1002ED8DF /* MapKit.framework */; };
		002D0ECF1B0B2FE600FA024C /* TrailsFilterController.xib in Resources */ = {isa = PBXBuildFile; fileRef = 002D0ECE1B0B2FE600FA024C /* TrailsFilterController.xib */; };
		002D0ED11B0B351000FA024C /* TrailsFilterController.swift in Sources */ = {isa = PBXBuildFile; fileRef = 002D0ED01B0B351000FA024C /* TrailsFilterController.swift */; };
		006491951B0647A200A5ACDB /* GPXTrackPoint+MapKit.swift in Sources */ = {isa = PBXBuildFile; fileRef = 006491931B0647A200A5ACDB /* GPXTrackPoint+MapKit.swift */; };
		006491961B0647A200A5ACDB /* GPXTrackSegment+MapKit.swift in Sources */ = {isa = PBXBuildFile; fileRef = 006491941B0647A200A5ACDB /* GPXTrackSegment+MapKit.swift */; };
		006E9D351B0A03AD0023244E /* GPX.framework in Frameworks */ = {isa = PBXBuildFile; fileRef = 006E9D301B0A017C0023244E /* GPX.framework */; };
		006E9D361B0A03AD0023244E /* GPX.framework in Embed Frameworks */ = {isa = PBXBuildFile; fileRef = 006E9D301B0A017C0023244E /* GPX.framework */; settings = {ATTRIBUTES = (CodeSignOnCopy, RemoveHeadersOnCopy, ); }; };
		00702E001B0138EF00A77F63 /* AppDelegate.swift in Sources */ = {isa = PBXBuildFile; fileRef = 00702DFF1B0138EF00A77F63 /* AppDelegate.swift */; };
		00702E021B0138EF00A77F63 /* RootViewController.swift in Sources */ = {isa = PBXBuildFile; fileRef = 00702E011B0138EF00A77F63 /* RootViewController.swift */; };
		00702E071B0138EF00A77F63 /* Images.xcassets in Resources */ = {isa = PBXBuildFile; fileRef = 00702E061B0138EF00A77F63 /* Images.xcassets */; };
		00702E201B01392F00A77F63 /* .gitignore in Resources */ = {isa = PBXBuildFile; fileRef = 00702E1F1B01392F00A77F63 /* .gitignore */; };
		007D1C5D1B0A005D00934769 /* SwiftyJSON.swift in Sources */ = {isa = PBXBuildFile; fileRef = 007D1C5C1B0A005D00934769 /* SwiftyJSON.swift */; };
		008C34C71B08CBF700597B0D /* ioapi.c in Sources */ = {isa = PBXBuildFile; fileRef = 008C34BD1B08CBF700597B0D /* ioapi.c */; };
		008C34C81B08CBF700597B0D /* mztools.c in Sources */ = {isa = PBXBuildFile; fileRef = 008C34BF1B08CBF700597B0D /* mztools.c */; };
		008C34C91B08CBF700597B0D /* unzip.c in Sources */ = {isa = PBXBuildFile; fileRef = 008C34C11B08CBF700597B0D /* unzip.c */; };
		008C34CA1B08CBF700597B0D /* zip.c in Sources */ = {isa = PBXBuildFile; fileRef = 008C34C31B08CBF700597B0D /* zip.c */; };
		008C34CB1B08CBF700597B0D /* SSZipArchive.m in Sources */ = {isa = PBXBuildFile; fileRef = 008C34C61B08CBF700597B0D /* SSZipArchive.m */; };
		008C34CD1B08D0A900597B0D /* SystemConfiguration.framework in Frameworks */ = {isa = PBXBuildFile; fileRef = 008C34CC1B08D0A900597B0D /* SystemConfiguration.framework */; };
		008C34CF1B08D16E00597B0D /* Reachability.swift in Sources */ = {isa = PBXBuildFile; fileRef = 008C34CE1B08D16E00597B0D /* Reachability.swift */; };
		008C34D11B097AFD00597B0D /* TrailsTableHeaderCell.swift in Sources */ = {isa = PBXBuildFile; fileRef = 008C34D01B097AFD00597B0D /* TrailsTableHeaderCell.swift */; };
		008C34D31B09ECEB00597B0D /* NSDate+Compare.swift in Sources */ = {isa = PBXBuildFile; fileRef = 008C34D21B09ECEB00597B0D /* NSDate+Compare.swift */; };
		00A802B21B09FF070022731B /* Main.storyboard in Resources */ = {isa = PBXBuildFile; fileRef = 00702E031B0138EF00A77F63 /* Main.storyboard */; };
		00A802B31B09FF090022731B /* LaunchScreen.xib in Resources */ = {isa = PBXBuildFile; fileRef = 00702E081B0138EF00A77F63 /* LaunchScreen.xib */; };
		00B141421B06BF2D0075D694 /* RootViewController+Map.swift in Sources */ = {isa = PBXBuildFile; fileRef = 00B141411B06BF2D0075D694 /* RootViewController+Map.swift */; };
		00F845AA1B08C9BD00660FA6 /* libz.dylib in Frameworks */ = {isa = PBXBuildFile; fileRef = 00F845A91B08C9BD00660FA6 /* libz.dylib */; };
		00FA37E81B0607FA007F9A23 /* TrailsLoader.swift in Sources */ = {isa = PBXBuildFile; fileRef = 00FA37E71B0607FA007F9A23 /* TrailsLoader.swift */; };
		00FA37EB1B06198E007F9A23 /* TrailTableCell.swift in Sources */ = {isa = PBXBuildFile; fileRef = 00FA37EA1B06198E007F9A23 /* TrailTableCell.swift */; };
		00FA37ED1B062201007F9A23 /* MarqueeLabel.swift in Sources */ = {isa = PBXBuildFile; fileRef = 00FA37EC1B062201007F9A23 /* MarqueeLabel.swift */; };
/* End PBXBuildFile section */

/* Begin PBXCopyFilesBuildPhase section */
		006E9D371B0A03AD0023244E /* Embed Frameworks */ = {
			isa = PBXCopyFilesBuildPhase;
			buildActionMask = 2147483647;
			dstPath = "";
			dstSubfolderSpec = 10;
			files = (
				006E9D361B0A03AD0023244E /* GPX.framework in Embed Frameworks */,
			);
			name = "Embed Frameworks";
			runOnlyForDeploymentPostprocessing = 0;
		};
/* End PBXCopyFilesBuildPhase section */

/* Begin PBXFileReference section */
		000B82651B014756002ED8DF /* Trail.swift */ = {isa = PBXFileReference; fileEncoding = 4; lastKnownFileType = sourcecode.swift; path = Trail.swift; sourceTree = "<group>"; };
		000B82671B0148B2002ED8DF /* Constants.swift */ = {isa = PBXFileReference; fileEncoding = 4; lastKnownFileType = sourcecode.swift; path = Constants.swift; sourceTree = "<group>"; };
		000B82691B016ED1002ED8DF /* MapKit.framework */ = {isa = PBXFileReference; lastKnownFileType = wrapper.framework; name = MapKit.framework; path = System/Library/Frameworks/MapKit.framework; sourceTree = SDKROOT; };
		002D0ECE1B0B2FE600FA024C /* TrailsFilterController.xib */ = {isa = PBXFileReference; fileEncoding = 4; lastKnownFileType = file.xib; path = TrailsFilterController.xib; sourceTree = "<group>"; };
		002D0ED01B0B351000FA024C /* TrailsFilterController.swift */ = {isa = PBXFileReference; fileEncoding = 4; lastKnownFileType = sourcecode.swift; path = TrailsFilterController.swift; sourceTree = "<group>"; };
		006491931B0647A200A5ACDB /* GPXTrackPoint+MapKit.swift */ = {isa = PBXFileReference; fileEncoding = 4; lastKnownFileType = sourcecode.swift; path = "GPXTrackPoint+MapKit.swift"; sourceTree = "<group>"; };
		006491941B0647A200A5ACDB /* GPXTrackSegment+MapKit.swift */ = {isa = PBXFileReference; fileEncoding = 4; lastKnownFileType = sourcecode.swift; path = "GPXTrackSegment+MapKit.swift"; sourceTree = "<group>"; };
		006E9D301B0A017C0023244E /* GPX.framework */ = {isa = PBXFileReference; lastKnownFileType = wrapper.framework; path = GPX.framework; sourceTree = "<group>"; };
		00702DFA1B0138EF00A77F63 /* MTB-BG Trails.app */ = {isa = PBXFileReference; explicitFileType = wrapper.application; includeInIndex = 0; path = "MTB-BG Trails.app"; sourceTree = BUILT_PRODUCTS_DIR; };
		00702DFE1B0138EF00A77F63 /* Info.plist */ = {isa = PBXFileReference; lastKnownFileType = text.plist.xml; path = Info.plist; sourceTree = "<group>"; };
		00702DFF1B0138EF00A77F63 /* AppDelegate.swift */ = {isa = PBXFileReference; lastKnownFileType = sourcecode.swift; path = AppDelegate.swift; sourceTree = "<group>"; };
		00702E011B0138EF00A77F63 /* RootViewController.swift */ = {isa = PBXFileReference; lastKnownFileType = sourcecode.swift; path = RootViewController.swift; sourceTree = "<group>"; };
		00702E041B0138EF00A77F63 /* Base */ = {isa = PBXFileReference; lastKnownFileType = file.storyboard; name = Base; path = Base.lproj/Main.storyboard; sourceTree = "<group>"; };
		00702E061B0138EF00A77F63 /* Images.xcassets */ = {isa = PBXFileReference; lastKnownFileType = folder.assetcatalog; name = Images.xcassets; path = "MTB-BG Trails/Images.xcassets"; sourceTree = "<group>"; };
		00702E091B0138EF00A77F63 /* Base */ = {isa = PBXFileReference; lastKnownFileType = file.xib; name = Base; path = Base.lproj/LaunchScreen.xib; sourceTree = "<group>"; };
		00702E1F1B01392F00A77F63 /* .gitignore */ = {isa = PBXFileReference; fileEncoding = 4; lastKnownFileType = text; path = .gitignore; sourceTree = "<group>"; };
		007D1C5C1B0A005D00934769 /* SwiftyJSON.swift */ = {isa = PBXFileReference; fileEncoding = 4; lastKnownFileType = sourcecode.swift; path = SwiftyJSON.swift; sourceTree = "<group>"; };
		008C34BC1B08CBF700597B0D /* crypt.h */ = {isa = PBXFileReference; fileEncoding = 4; lastKnownFileType = sourcecode.c.h; path = crypt.h; sourceTree = "<group>"; };
		008C34BD1B08CBF700597B0D /* ioapi.c */ = {isa = PBXFileReference; fileEncoding = 4; lastKnownFileType = sourcecode.c.c; path = ioapi.c; sourceTree = "<group>"; };
		008C34BE1B08CBF700597B0D /* ioapi.h */ = {isa = PBXFileReference; fileEncoding = 4; lastKnownFileType = sourcecode.c.h; path = ioapi.h; sourceTree = "<group>"; };
		008C34BF1B08CBF700597B0D /* mztools.c */ = {isa = PBXFileReference; fileEncoding = 4; lastKnownFileType = sourcecode.c.c; path = mztools.c; sourceTree = "<group>"; };
		008C34C01B08CBF700597B0D /* mztools.h */ = {isa = PBXFileReference; fileEncoding = 4; lastKnownFileType = sourcecode.c.h; path = mztools.h; sourceTree = "<group>"; };
		008C34C11B08CBF700597B0D /* unzip.c */ = {isa = PBXFileReference; fileEncoding = 4; lastKnownFileType = sourcecode.c.c; path = unzip.c; sourceTree = "<group>"; };
		008C34C21B08CBF700597B0D /* unzip.h */ = {isa = PBXFileReference; fileEncoding = 4; lastKnownFileType = sourcecode.c.h; path = unzip.h; sourceTree = "<group>"; };
		008C34C31B08CBF700597B0D /* zip.c */ = {isa = PBXFileReference; fileEncoding = 4; lastKnownFileType = sourcecode.c.c; path = zip.c; sourceTree = "<group>"; };
		008C34C41B08CBF700597B0D /* zip.h */ = {isa = PBXFileReference; fileEncoding = 4; lastKnownFileType = sourcecode.c.h; path = zip.h; sourceTree = "<group>"; };
		008C34C51B08CBF700597B0D /* SSZipArchive.h */ = {isa = PBXFileReference; fileEncoding = 4; lastKnownFileType = sourcecode.c.h; path = SSZipArchive.h; sourceTree = "<group>"; };
		008C34C61B08CBF700597B0D /* SSZipArchive.m */ = {isa = PBXFileReference; fileEncoding = 4; lastKnownFileType = sourcecode.c.objc; path = SSZipArchive.m; sourceTree = "<group>"; };
		008C34CC1B08D0A900597B0D /* SystemConfiguration.framework */ = {isa = PBXFileReference; lastKnownFileType = wrapper.framework; name = SystemConfiguration.framework; path = System/Library/Frameworks/SystemConfiguration.framework; sourceTree = SDKROOT; };
		008C34CE1B08D16E00597B0D /* Reachability.swift */ = {isa = PBXFileReference; fileEncoding = 4; lastKnownFileType = sourcecode.swift; path = Reachability.swift; sourceTree = "<group>"; };
		008C34D01B097AFD00597B0D /* TrailsTableHeaderCell.swift */ = {isa = PBXFileReference; fileEncoding = 4; lastKnownFileType = sourcecode.swift; path = TrailsTableHeaderCell.swift; sourceTree = "<group>"; };
		008C34D21B09ECEB00597B0D /* NSDate+Compare.swift */ = {isa = PBXFileReference; fileEncoding = 4; lastKnownFileType = sourcecode.swift; path = "NSDate+Compare.swift"; sourceTree = "<group>"; };
		00B141411B06BF2D0075D694 /* RootViewController+Map.swift */ = {isa = PBXFileReference; fileEncoding = 4; lastKnownFileType = sourcecode.swift; path = "RootViewController+Map.swift"; sourceTree = "<group>"; };
		00F845A91B08C9BD00660FA6 /* libz.dylib */ = {isa = PBXFileReference; lastKnownFileType = "compiled.mach-o.dylib"; name = libz.dylib; path = usr/lib/libz.dylib; sourceTree = SDKROOT; };
		00FA37E71B0607FA007F9A23 /* TrailsLoader.swift */ = {isa = PBXFileReference; fileEncoding = 4; lastKnownFileType = sourcecode.swift; path = TrailsLoader.swift; sourceTree = "<group>"; };
		00FA37EA1B06198E007F9A23 /* TrailTableCell.swift */ = {isa = PBXFileReference; fileEncoding = 4; lastKnownFileType = sourcecode.swift; path = TrailTableCell.swift; sourceTree = "<group>"; };
		00FA37EC1B062201007F9A23 /* MarqueeLabel.swift */ = {isa = PBXFileReference; fileEncoding = 4; lastKnownFileType = sourcecode.swift; path = MarqueeLabel.swift; sourceTree = "<group>"; };
		00FA37EE1B0629F7007F9A23 /* ObjectiveCBridgingHeader.h */ = {isa = PBXFileReference; lastKnownFileType = sourcecode.c.h; path = ObjectiveCBridgingHeader.h; sourceTree = "<group>"; };
		48646D3E766DA4CCEDC98008 /* Pods.release.xcconfig */ = {isa = PBXFileReference; includeInIndex = 1; lastKnownFileType = text.xcconfig; name = Pods.release.xcconfig; path = "Pods/Target Support Files/Pods/Pods.release.xcconfig"; sourceTree = "<group>"; };
		939898062FF7EFBFBEAD94FC /* Pods.debug.xcconfig */ = {isa = PBXFileReference; includeInIndex = 1; lastKnownFileType = text.xcconfig; name = Pods.debug.xcconfig; path = "Pods/Target Support Files/Pods/Pods.debug.xcconfig"; sourceTree = "<group>"; };
/* End PBXFileReference section */

/* Begin PBXFrameworksBuildPhase section */
		00702DF71B0138EF00A77F63 /* Frameworks */ = {
			isa = PBXFrameworksBuildPhase;
			buildActionMask = 2147483647;
			files = (
				006E9D351B0A03AD0023244E /* GPX.framework in Frameworks */,
				008C34CD1B08D0A900597B0D /* SystemConfiguration.framework in Frameworks */,
				00F845AA1B08C9BD00660FA6 /* libz.dylib in Frameworks */,
				000B826A1B016ED1002ED8DF /* MapKit.framework in Frameworks */,
			);
			runOnlyForDeploymentPostprocessing = 0;
		};
/* End PBXFrameworksBuildPhase section */

/* Begin PBXGroup section */
		000B82641B014732002ED8DF /* Model */ = {
			isa = PBXGroup;
			children = (
				000B82651B014756002ED8DF /* Trail.swift */,
				00FA37E71B0607FA007F9A23 /* TrailsLoader.swift */,
			);
			name = Model;
			sourceTree = "<group>";
		};
		006491971B0647A700A5ACDB /* GPX */ = {
			isa = PBXGroup;
			children = (
				006491931B0647A200A5ACDB /* GPXTrackPoint+MapKit.swift */,
				006491941B0647A200A5ACDB /* GPXTrackSegment+MapKit.swift */,
			);
			name = GPX;
			sourceTree = "<group>";
		};
		00702DF11B0138EF00A77F63 = {
			isa = PBXGroup;
			children = (
				00702E1F1B01392F00A77F63 /* .gitignore */,
				00702DFC1B0138EF00A77F63 /* MTB-BG Trails */,
				00702DFB1B0138EF00A77F63 /* Products */,
				0E924C271108AD7433AE3C49 /* Pods */,
				F70A74DE9D2FAFCF1100F6CF /* Frameworks */,
			);
			sourceTree = "<group>";
		};
		00702DFB1B0138EF00A77F63 /* Products */ = {
			isa = PBXGroup;
			children = (
				00702DFA1B0138EF00A77F63 /* MTB-BG Trails.app */,
			);
			name = Products;
			sourceTree = "<group>";
		};
		00702DFC1B0138EF00A77F63 /* MTB-BG Trails */ = {
			isa = PBXGroup;
			children = (
				006491971B0647A700A5ACDB /* GPX */,
				00FA37E91B061972007F9A23 /* Cells */,
				000B82641B014732002ED8DF /* Model */,
				00702E221B013BD100A77F63 /* Controllers */,
				00702E211B013BB300A77F63 /* Interface */,
				00702DFD1B0138EF00A77F63 /* Supporting Files */,
				00702DFF1B0138EF00A77F63 /* AppDelegate.swift */,
			);
			path = "MTB-BG Trails";
			sourceTree = "<group>";
		};
		00702DFD1B0138EF00A77F63 /* Supporting Files */ = {
			isa = PBXGroup;
			children = (
				008C34BA1B08CBF700597B0D /* SSZipArchive */,
				007D1C5B1B0A005D00934769 /* SwiftyJSON */,
				00702DFE1B0138EF00A77F63 /* Info.plist */,
				000B82671B0148B2002ED8DF /* Constants.swift */,
				00FA37EC1B062201007F9A23 /* MarqueeLabel.swift */,
				00FA37EE1B0629F7007F9A23 /* ObjectiveCBridgingHeader.h */,
				008C34CE1B08D16E00597B0D /* Reachability.swift */,
				008C34D21B09ECEB00597B0D /* NSDate+Compare.swift */,
			);
			name = "Supporting Files";
			sourceTree = "<group>";
		};
		00702E211B013BB300A77F63 /* Interface */ = {
			isa = PBXGroup;
			children = (
				00702E031B0138EF00A77F63 /* Main.storyboard */,
				00702E081B0138EF00A77F63 /* LaunchScreen.xib */,
				00702E061B0138EF00A77F63 /* Images.xcassets */,
			);
			name = Interface;
			path = ..;
			sourceTree = "<group>";
		};
		00702E221B013BD100A77F63 /* Controllers */ = {
			isa = PBXGroup;
			children = (
				00702E011B0138EF00A77F63 /* RootViewController.swift */,
				00B141411B06BF2D0075D694 /* RootViewController+Map.swift */,
				002D0ECE1B0B2FE600FA024C /* TrailsFilterController.xib */,
				002D0ED01B0B351000FA024C /* TrailsFilterController.swift */,
			);
			name = Controllers;
			sourceTree = "<group>";
		};
		007D1C5B1B0A005D00934769 /* SwiftyJSON */ = {
			isa = PBXGroup;
			children = (
				007D1C5C1B0A005D00934769 /* SwiftyJSON.swift */,
			);
			path = SwiftyJSON;
			sourceTree = "<group>";
		};
		008C34BA1B08CBF700597B0D /* SSZipArchive */ = {
			isa = PBXGroup;
			children = (
				008C34BB1B08CBF700597B0D /* minizip */,
				008C34C51B08CBF700597B0D /* SSZipArchive.h */,
				008C34C61B08CBF700597B0D /* SSZipArchive.m */,
			);
			path = SSZipArchive;
			sourceTree = "<group>";
		};
		008C34BB1B08CBF700597B0D /* minizip */ = {
			isa = PBXGroup;
			children = (
				008C34BC1B08CBF700597B0D /* crypt.h */,
				008C34BD1B08CBF700597B0D /* ioapi.c */,
				008C34BE1B08CBF700597B0D /* ioapi.h */,
				008C34BF1B08CBF700597B0D /* mztools.c */,
				008C34C01B08CBF700597B0D /* mztools.h */,
				008C34C11B08CBF700597B0D /* unzip.c */,
				008C34C21B08CBF700597B0D /* unzip.h */,
				008C34C31B08CBF700597B0D /* zip.c */,
				008C34C41B08CBF700597B0D /* zip.h */,
			);
			path = minizip;
			sourceTree = "<group>";
		};
		00FA37E91B061972007F9A23 /* Cells */ = {
			isa = PBXGroup;
			children = (
				00FA37EA1B06198E007F9A23 /* TrailTableCell.swift */,
				008C34D01B097AFD00597B0D /* TrailsTableHeaderCell.swift */,
			);
			name = Cells;
			sourceTree = "<group>";
		};
		0E924C271108AD7433AE3C49 /* Pods */ = {
			isa = PBXGroup;
			children = (
				939898062FF7EFBFBEAD94FC /* Pods.debug.xcconfig */,
				48646D3E766DA4CCEDC98008 /* Pods.release.xcconfig */,
			);
			name = Pods;
			sourceTree = "<group>";
		};
		F70A74DE9D2FAFCF1100F6CF /* Frameworks */ = {
			isa = PBXGroup;
			children = (
				006E9D301B0A017C0023244E /* GPX.framework */,
				000B82691B016ED1002ED8DF /* MapKit.framework */,
				008C34CC1B08D0A900597B0D /* SystemConfiguration.framework */,
				00F845A91B08C9BD00660FA6 /* libz.dylib */,
			);
			name = Frameworks;
			sourceTree = "<group>";
		};
/* End PBXGroup section */

/* Begin PBXNativeTarget section */
		00702DF91B0138EF00A77F63 /* MTB-BG Trails */ = {
			isa = PBXNativeTarget;
			buildConfigurationList = 00702E191B0138EF00A77F63 /* Build configuration list for PBXNativeTarget "MTB-BG Trails" */;
			buildPhases = (
				00702DF61B0138EF00A77F63 /* Sources */,
				00702DF71B0138EF00A77F63 /* Frameworks */,
				00702DF81B0138EF00A77F63 /* Resources */,
				006E9D371B0A03AD0023244E /* Embed Frameworks */,
			);
			buildRules = (
			);
			dependencies = (
			);
			name = "MTB-BG Trails";
			productName = "MTB-BG Trails";
			productReference = 00702DFA1B0138EF00A77F63 /* MTB-BG Trails.app */;
			productType = "com.apple.product-type.application";
		};
/* End PBXNativeTarget section */

/* Begin PBXProject section */
		00702DF21B0138EF00A77F63 /* Project object */ = {
			isa = PBXProject;
			attributes = {
				LastUpgradeCheck = 0630;
				ORGANIZATIONNAME = TechLight;
				TargetAttributes = {
					00702DF91B0138EF00A77F63 = {
						CreatedOnToolsVersion = 6.3.1;
						DevelopmentTeam = W9JC833V6E;
					};
				};
			};
			buildConfigurationList = 00702DF51B0138EF00A77F63 /* Build configuration list for PBXProject "MTB-BG Trails" */;
			compatibilityVersion = "Xcode 3.2";
			developmentRegion = English;
			hasScannedForEncodings = 0;
			knownRegions = (
				en,
				Base,
			);
			mainGroup = 00702DF11B0138EF00A77F63;
			productRefGroup = 00702DFB1B0138EF00A77F63 /* Products */;
			projectDirPath = "";
			projectRoot = "";
			targets = (
				00702DF91B0138EF00A77F63 /* MTB-BG Trails */,
			);
		};
/* End PBXProject section */

/* Begin PBXResourcesBuildPhase section */
		00702DF81B0138EF00A77F63 /* Resources */ = {
			isa = PBXResourcesBuildPhase;
			buildActionMask = 2147483647;
			files = (
				00A802B31B09FF090022731B /* LaunchScreen.xib in Resources */,
				00A802B21B09FF070022731B /* Main.storyboard in Resources */,
				00702E201B01392F00A77F63 /* .gitignore in Resources */,
				00702E071B0138EF00A77F63 /* Images.xcassets in Resources */,
				002D0ECF1B0B2FE600FA024C /* TrailsFilterController.xib in Resources */,
			);
			runOnlyForDeploymentPostprocessing = 0;
		};
/* End PBXResourcesBuildPhase section */

/* Begin PBXSourcesBuildPhase section */
		00702DF61B0138EF00A77F63 /* Sources */ = {
			isa = PBXSourcesBuildPhase;
			buildActionMask = 2147483647;
			files = (
				00FA37E81B0607FA007F9A23 /* TrailsLoader.swift in Sources */,
				00702E021B0138EF00A77F63 /* RootViewController.swift in Sources */,
				008C34C81B08CBF700597B0D /* mztools.c in Sources */,
				000B82661B014756002ED8DF /* Trail.swift in Sources */,
				008C34C91B08CBF700597B0D /* unzip.c in Sources */,
				00702E001B0138EF00A77F63 /* AppDelegate.swift in Sources */,
				006491951B0647A200A5ACDB /* GPXTrackPoint+MapKit.swift in Sources */,
				007D1C5D1B0A005D00934769 /* SwiftyJSON.swift in Sources */,
				00FA37ED1B062201007F9A23 /* MarqueeLabel.swift in Sources */,
				000B82681B0148B2002ED8DF /* Constants.swift in Sources */,
				006491961B0647A200A5ACDB /* GPXTrackSegment+MapKit.swift in Sources */,
				008C34D11B097AFD00597B0D /* TrailsTableHeaderCell.swift in Sources */,
				008C34C71B08CBF700597B0D /* ioapi.c in Sources */,
				002D0ED11B0B351000FA024C /* TrailsFilterController.swift in Sources */,
				008C34D31B09ECEB00597B0D /* NSDate+Compare.swift in Sources */,
				008C34CB1B08CBF700597B0D /* SSZipArchive.m in Sources */,
				008C34CA1B08CBF700597B0D /* zip.c in Sources */,
				00FA37EB1B06198E007F9A23 /* TrailTableCell.swift in Sources */,
				008C34CF1B08D16E00597B0D /* Reachability.swift in Sources */,
				00B141421B06BF2D0075D694 /* RootViewController+Map.swift in Sources */,
			);
			runOnlyForDeploymentPostprocessing = 0;
		};
/* End PBXSourcesBuildPhase section */

/* Begin PBXVariantGroup section */
		00702E031B0138EF00A77F63 /* Main.storyboard */ = {
			isa = PBXVariantGroup;
			children = (
				00702E041B0138EF00A77F63 /* Base */,
			);
			name = Main.storyboard;
			path = "MTB-BG Trails";
			sourceTree = "<group>";
		};
		00702E081B0138EF00A77F63 /* LaunchScreen.xib */ = {
			isa = PBXVariantGroup;
			children = (
				00702E091B0138EF00A77F63 /* Base */,
			);
			name = LaunchScreen.xib;
			path = "MTB-BG Trails";
			sourceTree = "<group>";
		};
/* End PBXVariantGroup section */

/* Begin XCBuildConfiguration section */
		00702E171B0138EF00A77F63 /* Debug */ = {
			isa = XCBuildConfiguration;
			buildSettings = {
				ALWAYS_SEARCH_USER_PATHS = NO;
				CLANG_CXX_LANGUAGE_STANDARD = "gnu++0x";
				CLANG_CXX_LIBRARY = "libc++";
				CLANG_ENABLE_MODULES = YES;
				CLANG_ENABLE_OBJC_ARC = YES;
				CLANG_WARN_BOOL_CONVERSION = YES;
				CLANG_WARN_CONSTANT_CONVERSION = YES;
				CLANG_WARN_DIRECT_OBJC_ISA_USAGE = YES_ERROR;
				CLANG_WARN_EMPTY_BODY = YES;
				CLANG_WARN_ENUM_CONVERSION = YES;
				CLANG_WARN_INT_CONVERSION = YES;
				CLANG_WARN_OBJC_ROOT_CLASS = YES_ERROR;
				CLANG_WARN_UNREACHABLE_CODE = YES;
				CLANG_WARN__DUPLICATE_METHOD_MATCH = YES;
				"CODE_SIGN_IDENTITY[sdk=iphoneos*]" = "iPhone Developer";
				COPY_PHASE_STRIP = NO;
				DEBUG_INFORMATION_FORMAT = "dwarf-with-dsym";
				ENABLE_STRICT_OBJC_MSGSEND = YES;
				GCC_C_LANGUAGE_STANDARD = gnu99;
				GCC_DYNAMIC_NO_PIC = NO;
				GCC_NO_COMMON_BLOCKS = YES;
				GCC_OPTIMIZATION_LEVEL = 0;
				GCC_PREPROCESSOR_DEFINITIONS = (
					"DEBUG=1",
					"$(inherited)",
				);
				GCC_SYMBOLS_PRIVATE_EXTERN = NO;
				GCC_WARN_64_TO_32_BIT_CONVERSION = YES;
				GCC_WARN_ABOUT_RETURN_TYPE = YES_ERROR;
				GCC_WARN_UNDECLARED_SELECTOR = YES;
				GCC_WARN_UNINITIALIZED_AUTOS = YES_AGGRESSIVE;
				GCC_WARN_UNUSED_FUNCTION = YES;
				GCC_WARN_UNUSED_VARIABLE = YES;
				IPHONEOS_DEPLOYMENT_TARGET = 8.3;
				MTL_ENABLE_DEBUG_INFO = YES;
				ONLY_ACTIVE_ARCH = YES;
				SDKROOT = iphoneos;
				SWIFT_OPTIMIZATION_LEVEL = "-Onone";
				TARGETED_DEVICE_FAMILY = "1,2";
			};
			name = Debug;
		};
		00702E181B0138EF00A77F63 /* Release */ = {
			isa = XCBuildConfiguration;
			buildSettings = {
				ALWAYS_SEARCH_USER_PATHS = NO;
				CLANG_CXX_LANGUAGE_STANDARD = "gnu++0x";
				CLANG_CXX_LIBRARY = "libc++";
				CLANG_ENABLE_MODULES = YES;
				CLANG_ENABLE_OBJC_ARC = YES;
				CLANG_WARN_BOOL_CONVERSION = YES;
				CLANG_WARN_CONSTANT_CONVERSION = YES;
				CLANG_WARN_DIRECT_OBJC_ISA_USAGE = YES_ERROR;
				CLANG_WARN_EMPTY_BODY = YES;
				CLANG_WARN_ENUM_CONVERSION = YES;
				CLANG_WARN_INT_CONVERSION = YES;
				CLANG_WARN_OBJC_ROOT_CLASS = YES_ERROR;
				CLANG_WARN_UNREACHABLE_CODE = YES;
				CLANG_WARN__DUPLICATE_METHOD_MATCH = YES;
				"CODE_SIGN_IDENTITY[sdk=iphoneos*]" = "iPhone Developer";
				COPY_PHASE_STRIP = NO;
				DEBUG_INFORMATION_FORMAT = "dwarf-with-dsym";
				ENABLE_NS_ASSERTIONS = NO;
				ENABLE_STRICT_OBJC_MSGSEND = YES;
				GCC_C_LANGUAGE_STANDARD = gnu99;
				GCC_NO_COMMON_BLOCKS = YES;
				GCC_WARN_64_TO_32_BIT_CONVERSION = YES;
				GCC_WARN_ABOUT_RETURN_TYPE = YES_ERROR;
				GCC_WARN_UNDECLARED_SELECTOR = YES;
				GCC_WARN_UNINITIALIZED_AUTOS = YES_AGGRESSIVE;
				GCC_WARN_UNUSED_FUNCTION = YES;
				GCC_WARN_UNUSED_VARIABLE = YES;
				IPHONEOS_DEPLOYMENT_TARGET = 8.3;
				MTL_ENABLE_DEBUG_INFO = NO;
				SDKROOT = iphoneos;
				TARGETED_DEVICE_FAMILY = "1,2";
				VALIDATE_PRODUCT = YES;
			};
			name = Release;
		};
		00702E1A1B0138EF00A77F63 /* Debug */ = {
			isa = XCBuildConfiguration;
			buildSettings = {
				ASSETCATALOG_COMPILER_APPICON_NAME = AppIcon;
				CLANG_ALLOW_NON_MODULAR_INCLUDES_IN_FRAMEWORK_MODULES = YES;
				CODE_SIGN_IDENTITY = "iPhone Developer";
				"CODE_SIGN_IDENTITY[sdk=iphoneos*]" = "iPhone Developer";
				FRAMEWORK_SEARCH_PATHS = (
					"$(inherited)",
					"$(PROJECT_DIR)",
				);
				INFOPLIST_FILE = "MTB-BG Trails/Info.plist";
				IPHONEOS_DEPLOYMENT_TARGET = 8.1;
				LD_RUNPATH_SEARCH_PATHS = "$(inherited) @executable_path/Frameworks";
				PRODUCT_NAME = "$(TARGET_NAME)";
				PROVISIONING_PROFILE = "";
				SWIFT_OBJC_BRIDGING_HEADER = "MTB-BG Trails/ObjectiveCBridgingHeader.h";
			};
			name = Debug;
		};
		00702E1B1B0138EF00A77F63 /* Release */ = {
			isa = XCBuildConfiguration;
			buildSettings = {
				ASSETCATALOG_COMPILER_APPICON_NAME = AppIcon;
				CLANG_ALLOW_NON_MODULAR_INCLUDES_IN_FRAMEWORK_MODULES = YES;
				CODE_SIGN_IDENTITY = "iPhone Developer";
				"CODE_SIGN_IDENTITY[sdk=iphoneos*]" = "iPhone Developer";
				FRAMEWORK_SEARCH_PATHS = (
					"$(inherited)",
					"$(PROJECT_DIR)",
				);
				INFOPLIST_FILE = "MTB-BG Trails/Info.plist";
				IPHONEOS_DEPLOYMENT_TARGET = 8.1;
				LD_RUNPATH_SEARCH_PATHS = "$(inherited) @executable_path/Frameworks";
				PRODUCT_NAME = "$(TARGET_NAME)";
				PROVISIONING_PROFILE = "";
				SWIFT_OBJC_BRIDGING_HEADER = "MTB-BG Trails/ObjectiveCBridgingHeader.h";
			};
			name = Release;
		};
/* End XCBuildConfiguration section */

/* Begin XCConfigurationList section */
		00702DF51B0138EF00A77F63 /* Build configuration list for PBXProject "MTB-BG Trails" */ = {
			isa = XCConfigurationList;
			buildConfigurations = (
				00702E171B0138EF00A77F63 /* Debug */,
				00702E181B0138EF00A77F63 /* Release */,
			);
			defaultConfigurationIsVisible = 0;
			defaultConfigurationName = Release;
		};
		00702E191B0138EF00A77F63 /* Build configuration list for PBXNativeTarget "MTB-BG Trails" */ = {
			isa = XCConfigurationList;
			buildConfigurations = (
				00702E1A1B0138EF00A77F63 /* Debug */,
				00702E1B1B0138EF00A77F63 /* Release */,
			);
			defaultConfigurationIsVisible = 0;
			defaultConfigurationName = Release;
		};
/* End XCConfigurationList section */
	};
	rootObject = 00702DF21B0138EF00A77F63 /* Project object */;
}
